{
  "name": "Travel Journal",
  "lockfileVersion": 3,
  "requires": true,
  "packages": {
    "": {
      "dependencies": {
        "swiper": "^14.0.0"
      }
    },
    "node_modules/swiper": {
      "version": "14.0.0",
      "resolved": "https://registry.npmjs.org/swiper/-/swiper-14.0.0.tgz",
      "integrity": "sha512-F6DXjC+GKt8WGvutu+35FIZO9iZkde+XxDwFqfw0tlFijDwfG7DikHYUiFQKqIYEp25q8TQSqI3Nh2+bHxs2uA==",
      "funding": [
        {
          "type": "custom",
          "url": "https://sponsors.nolimits4web.com"
        },
        {
          "type": "github",
          "url": "https://github.com/sponsors/nolimits4web"
        }
      ],
      "license": "MIT",
      "engines": {
        "node": ">= 4.7.0"
      }
    }
  }
}
